
Microsoft Visual Studio Solution File, Format Version 12.00
# Visual Studio 15
VisualStudioVersion = 15.0.26730.16
MinimumVisualStudioVersion = 10.0.40219.1
Project("{FAE04EC0-301F-11D3-BF4B-00C04F79EFBC}") = "WPF 15c - PasswordBox", "WPF 15c - PasswordBox\WPF 15c - PasswordBox.csproj", "{5A21B56D-406B-4210-8EE6-AF4FD6CEFAC4}"
EndProject
Global
	GlobalSection(SolutionConfigurationPlatforms) = preSolution
		Debug|Any CPU = Debug|Any CPU
		Release|Any CPU = Release|Any CPU
	EndGlobalSection
	GlobalSection(ProjectConfigurationPlatforms) = postSolution
		{5A21B56D-406B-4210-8EE6-AF4FD6CEFAC4}.Debug|Any CPU.ActiveCfg = Debug|Any CPU
		{5A21B56D-406B-4210-8EE6-AF4FD6CEFAC4}.Debug|Any CPU.Build.0 = Debug|Any CPU
		{5A21B56D-406B-4210-8EE6-AF4FD6CEFAC4}.Release|Any CPU.ActiveCfg = Release|Any CPU
		{5A21B56D-406B-4210-8EE6-AF4FD6CEFAC4}.Release|Any CPU.Build.0 = Release|Any CPU
	EndGlobalSection
	GlobalSection(SolutionProperties) = preSolution
		HideSolutionNode = FALSE
	EndGlobalSection
	GlobalSection(ExtensibilityGlobals) = postSolution
		SolutionGuid = {CD8ACD70-EE47-4CEE-913D-6E062B8E8EDF}
	EndGlobalSection
EndGlobal
